
Microsoft Visual Studio Solution File, Format Version 12.00
# Visual Studio 15
VisualStudioVersion = 15.0.27428.2015
MinimumVisualStudioVersion = 10.0.40219.1
Project("{FAE04EC0-301F-11D3-BF4B-00C04F79EFBC}") = "HD.EFCore.MySqlGenerator", "HD.EFCore.MySqlGenerator\HD.EFCore.MySqlGenerator.csproj", "{C6F9B2C8-3CC0-44BC-BA00-75BA64668CFA}"
EndProject
Project("{FAE04EC0-301F-11D3-BF4B-00C04F79EFBC}") = "HD.EFCore.SqlServerGenerator", "HD.EFCore.SqlServerGenerator\HD.EFCore.SqlServerGenerator.csproj", "{A91458D4-7557-4ACE-81C6-A2208C3A38EE}"
EndProject
Global
	GlobalSection(SolutionConfigurationPlatforms) = preSolution
		Debug|Any CPU = Debug|Any CPU
		Release|Any CPU = Release|Any CPU
	EndGlobalSection
	GlobalSection(ProjectConfigurationPlatforms) = postSolution
		{C6F9B2C8-3CC0-44BC-BA00-75BA64668CFA}.Debug|Any CPU.ActiveCfg = Debug|Any CPU
		{C6F9B2C8-3CC0-44BC-BA00-75BA64668CFA}.Debug|Any CPU.Build.0 = Debug|Any CPU
		{C6F9B2C8-3CC0-44BC-BA00-75BA64668CFA}.Release|Any CPU.ActiveCfg = Release|Any CPU
		{C6F9B2C8-3CC0-44BC-BA00-75BA64668CFA}.Release|Any CPU.Build.0 = Release|Any CPU
		{A91458D4-7557-4ACE-81C6-A2208C3A38EE}.Debug|Any CPU.ActiveCfg = Debug|Any CPU
		{A91458D4-7557-4ACE-81C6-A2208C3A38EE}.Debug|Any CPU.Build.0 = Debug|Any CPU
		{A91458D4-7557-4ACE-81C6-A2208C3A38EE}.Release|Any CPU.ActiveCfg = Release|Any CPU
		{A91458D4-7557-4ACE-81C6-A2208C3A38EE}.Release|Any CPU.Build.0 = Release|Any CPU
	EndGlobalSection
	GlobalSection(SolutionProperties) = preSolution
		HideSolutionNode = FALSE
	EndGlobalSection
	GlobalSection(ExtensibilityGlobals) = postSolution
		SolutionGuid = {1D62228D-E63F-4397-8568-3140A26F75C2}
	EndGlobalSection
EndGlobal
